// !$*UTF8*$!
{
	archiveVersion = 1;
	classes = {
	};
	objectVersion = 51;
	objects = {

/* Begin PBXBuildFile section */
		593B822F24B8A4E8004BF71C /* Dynamic.swift in Sources */ = {isa = PBXBuildFile; fileRef = 593B822E24B8A4E8004BF71C /* Dynamic.swift */; };
		598185AF24B897F200AEF183 /* VenuesViewModel.swift in Sources */ = {isa = PBXBuildFile; fileRef = 598185AE24B897F200AEF183 /* VenuesViewModel.swift */; };
		59D6B88C24B8EDB5009D8DFD /* NearByTableViewCell.swift in Sources */ = {isa = PBXBuildFile; fileRef = 59D6B88A24B8EDB5009D8DFD /* NearByTableViewCell.swift */; };
		59D6B88D24B8EDB5009D8DFD /* NearByTableViewCell.xib in Resources */ = {isa = PBXBuildFile; fileRef = 59D6B88B24B8EDB5009D8DFD /* NearByTableViewCell.xib */; };
		59D6B88F24B8F1E9009D8DFD /* NearByModel.swift in Sources */ = {isa = PBXBuildFile; fileRef = 59D6B88E24B8F1E9009D8DFD /* NearByModel.swift */; };
		59D6B89224B8F734009D8DFD /* StateTableViewCell.swift in Sources */ = {isa = PBXBuildFile; fileRef = 59D6B89024B8F734009D8DFD /* StateTableViewCell.swift */; };
		59D6B89324B8F734009D8DFD /* StateTableViewCell.xib in Resources */ = {isa = PBXBuildFile; fileRef = 59D6B89124B8F734009D8DFD /* StateTableViewCell.xib */; };
		59FE4CEC24B53B78000ECDFF /* AppDelegate.swift in Sources */ = {isa = PBXBuildFile; fileRef = 59FE4CEB24B53B78000ECDFF /* AppDelegate.swift */; };
		59FE4CF024B53B78000ECDFF /* ViewController.swift in Sources */ = {isa = PBXBuildFile; fileRef = 59FE4CEF24B53B78000ECDFF /* ViewController.swift */; };
		59FE4CF324B53B78000ECDFF /* Main.storyboard in Resources */ = {isa = PBXBuildFile; fileRef = 59FE4CF124B53B78000ECDFF /* Main.storyboard */; };
		59FE4CF524B53B7A000ECDFF /* Assets.xcassets in Resources */ = {isa = PBXBuildFile; fileRef = 59FE4CF424B53B7A000ECDFF /* Assets.xcassets */; };
		59FE4CF824B53B7A000ECDFF /* LaunchScreen.storyboard in Resources */ = {isa = PBXBuildFile; fileRef = 59FE4CF624B53B7A000ECDFF /* LaunchScreen.storyboard */; };
		59FE4D0324B53B7A000ECDFF /* NearBy_AppTests.swift in Sources */ = {isa = PBXBuildFile; fileRef = 59FE4D0224B53B7A000ECDFF /* NearBy_AppTests.swift */; };
		59FE4D0E24B6005E000ECDFF /* Network.swift in Sources */ = {isa = PBXBuildFile; fileRef = 59FE4D0D24B6005E000ECDFF /* Network.swift */; };
		59FE4D2224B74AC0000ECDFF /* APIManager.swift in Sources */ = {isa = PBXBuildFile; fileRef = 59FE4D2124B74AC0000ECDFF /* APIManager.swift */; };
		63B7568BDC166B92A6C5FDC5 /* Pods_NearBy_AppTests.framework in Frameworks */ = {isa = PBXBuildFile; fileRef = 7AD04874693D8705D1A1A654 /* Pods_NearBy_AppTests.framework */; };
		BF40F6AC9A4469146643F8D0 /* Pods_NearBy_App.framework in Frameworks */ = {isa = PBXBuildFile; fileRef = 8F2A71131A4E5725689B3E51 /* Pods_NearBy_App.framework */; };
/* End PBXBuildFile section */

/* Begin PBXContainerItemProxy section */
		59FE4CFF24B53B7A000ECDFF /* PBXContainerItemProxy */ = {
			isa = PBXContainerItemProxy;
			containerPortal = 59FE4CE024B53B78000ECDFF /* Project object */;
			proxyType = 1;
			remoteGlobalIDString = 59FE4CE724B53B78000ECDFF;
			remoteInfo = "NearBy App";
		};
/* End PBXContainerItemProxy section */

/* Begin PBXFileReference section */
		593B822E24B8A4E8004BF71C /* Dynamic.swift */ = {isa = PBXFileReference; lastKnownFileType = sourcecode.swift; path = Dynamic.swift; sourceTree = "<group>"; };
		598185AE24B897F200AEF183 /* VenuesViewModel.swift */ = {isa = PBXFileReference; lastKnownFileType = sourcecode.swift; path = VenuesViewModel.swift; sourceTree = "<group>"; };
		59D6B88A24B8EDB5009D8DFD /* NearByTableViewCell.swift */ = {isa = PBXFileReference; lastKnownFileType = sourcecode.swift; path = NearByTableViewCell.swift; sourceTree = "<group>"; };
		59D6B88B24B8EDB5009D8DFD /* NearByTableViewCell.xib */ = {isa = PBXFileReference; lastKnownFileType = file.xib; path = NearByTableViewCell.xib; sourceTree = "<group>"; };
		59D6B88E24B8F1E9009D8DFD /* NearByModel.swift */ = {isa = PBXFileReference; lastKnownFileType = sourcecode.swift; path = NearByModel.swift; sourceTree = "<group>"; };
		59D6B89024B8F734009D8DFD /* StateTableViewCell.swift */ = {isa = PBXFileReference; lastKnownFileType = sourcecode.swift; path = StateTableViewCell.swift; sourceTree = "<group>"; };
		59D6B89124B8F734009D8DFD /* StateTableViewCell.xib */ = {isa = PBXFileReference; lastKnownFileType = file.xib; path = StateTableViewCell.xib; sourceTree = "<group>"; };
		59FE4CE824B53B78000ECDFF /* NearBy App.app */ = {isa = PBXFileReference; explicitFileType = wrapper.application; includeInIndex = 0; path = "NearBy App.app"; sourceTree = BUILT_PRODUCTS_DIR; };
		59FE4CEB24B53B78000ECDFF /* AppDelegate.swift */ = {isa = PBXFileReference; lastKnownFileType = sourcecode.swift; path = AppDelegate.swift; sourceTree = "<group>"; };
		59FE4CEF24B53B78000ECDFF /* ViewController.swift */ = {isa = PBXFileReference; lastKnownFileType = sourcecode.swift; path = ViewController.swift; sourceTree = "<group>"; };
		59FE4CF224B53B78000ECDFF /* Base */ = {isa = PBXFileReference; lastKnownFileType = file.storyboard; name = Base; path = Base.lproj/Main.storyboard; sourceTree = "<group>"; };
		59FE4CF424B53B7A000ECDFF /* Assets.xcassets */ = {isa = PBXFileReference; lastKnownFileType = folder.assetcatalog; path = Assets.xcassets; sourceTree = "<group>"; };
		59FE4CF724B53B7A000ECDFF /* Base */ = {isa = PBXFileReference; lastKnownFileType = file.storyboard; name = Base; path = Base.lproj/LaunchScreen.storyboard; sourceTree = "<group>"; };
		59FE4CF924B53B7A000ECDFF /* Info.plist */ = {isa = PBXFileReference; lastKnownFileType = text.plist.xml; path = Info.plist; sourceTree = "<group>"; };
		59FE4CFE24B53B7A000ECDFF /* NearBy AppTests.xctest */ = {isa = PBXFileReference; explicitFileType = wrapper.cfbundle; includeInIndex = 0; path = "NearBy AppTests.xctest"; sourceTree = BUILT_PRODUCTS_DIR; };
		59FE4D0224B53B7A000ECDFF /* NearBy_AppTests.swift */ = {isa = PBXFileReference; lastKnownFileType = sourcecode.swift; path = NearBy_AppTests.swift; sourceTree = "<group>"; };
		59FE4D0424B53B7A000ECDFF /* Info.plist */ = {isa = PBXFileReference; lastKnownFileType = text.plist.xml; path = Info.plist; sourceTree = "<group>"; };
		59FE4D0D24B6005E000ECDFF /* Network.swift */ = {isa = PBXFileReference; lastKnownFileType = sourcecode.swift; path = Network.swift; sourceTree = "<group>"; };
		59FE4D2124B74AC0000ECDFF /* APIManager.swift */ = {isa = PBXFileReference; lastKnownFileType = sourcecode.swift; path = APIManager.swift; sourceTree = "<group>"; };
		622C85C2405076A3224CC749 /* Pods-NearBy AppTests.debug.xcconfig */ = {isa = PBXFileReference; includeInIndex = 1; lastKnownFileType = text.xcconfig; name = "Pods-NearBy AppTests.debug.xcconfig"; path = "Target Support Files/Pods-NearBy AppTests/Pods-NearBy AppTests.debug.xcconfig"; sourceTree = "<group>"; };
		6FB47CD6B9F82FB769EB5C27 /* Pods-NearBy App.release.xcconfig */ = {isa = PBXFileReference; includeInIndex = 1; lastKnownFileType = text.xcconfig; name = "Pods-NearBy App.release.xcconfig"; path = "Target Support Files/Pods-NearBy App/Pods-NearBy App.release.xcconfig"; sourceTree = "<group>"; };
		7AD04874693D8705D1A1A654 /* Pods_NearBy_AppTests.framework */ = {isa = PBXFileReference; explicitFileType = wrapper.framework; includeInIndex = 0; path = Pods_NearBy_AppTests.framework; sourceTree = BUILT_PRODUCTS_DIR; };
		8F2A71131A4E5725689B3E51 /* Pods_NearBy_App.framework */ = {isa = PBXFileReference; explicitFileType = wrapper.framework; includeInIndex = 0; path = Pods_NearBy_App.framework; sourceTree = BUILT_PRODUCTS_DIR; };
		C3199736263311D9CFDB3AAC /* Pods-NearBy AppTests.release.xcconfig */ = {isa = PBXFileReference; includeInIndex = 1; lastKnownFileType = text.xcconfig; name = "Pods-NearBy AppTests.release.xcconfig"; path = "Target Support Files/Pods-NearBy AppTests/Pods-NearBy AppTests.release.xcconfig"; sourceTree = "<group>"; };
		D6B7FC6D80C848E34F74530E /* Pods-NearBy App.debug.xcconfig */ = {isa = PBXFileReference; includeInIndex = 1; lastKnownFileType = text.xcconfig; name = "Pods-NearBy App.debug.xcconfig"; path = "Target Support Files/Pods-NearBy App/Pods-NearBy App.debug.xcconfig"; sourceTree = "<group>"; };
/* End PBXFileReference section */

/* Begin PBXFrameworksBuildPhase section */
		59FE4CE524B53B78000ECDFF /* Frameworks */ = {
			isa = PBXFrameworksBuildPhase;
			buildActionMask = 2147483647;
			files = (
				BF40F6AC9A4469146643F8D0 /* Pods_NearBy_App.framework in Frameworks */,
			);
			runOnlyForDeploymentPostprocessing = 0;
		};
		59FE4CFB24B53B7A000ECDFF /* Frameworks */ = {
			isa = PBXFrameworksBuildPhase;
			buildActionMask = 2147483647;
			files = (
				63B7568BDC166B92A6C5FDC5 /* Pods_NearBy_AppTests.framework in Frameworks */,
			);
			runOnlyForDeploymentPostprocessing = 0;
		};
/* End PBXFrameworksBuildPhase section */

/* Begin PBXGroup section */
		38B95595A4EBFB0D6C00D4C2 /* Frameworks */ = {
			isa = PBXGroup;
			children = (
				8F2A71131A4E5725689B3E51 /* Pods_NearBy_App.framework */,
				7AD04874693D8705D1A1A654 /* Pods_NearBy_AppTests.framework */,
			);
			name = Frameworks;
			sourceTree = "<group>";
		};
		593B822D24B8A4CA004BF71C /* Helpers */ = {
			isa = PBXGroup;
			children = (
				593B822E24B8A4E8004BF71C /* Dynamic.swift */,
			);
			path = Helpers;
			sourceTree = "<group>";
		};
		598185AD24B897D500AEF183 /* ViewModel */ = {
			isa = PBXGroup;
			children = (
				598185AE24B897F200AEF183 /* VenuesViewModel.swift */,
			);
			path = ViewModel;
			sourceTree = "<group>";
		};
		59D6B88124B8B665009D8DFD /* View */ = {
			isa = PBXGroup;
			children = (
				59D6B88924B8ED93009D8DFD /* NearByTableViewCell */,
				59D6B88824B8ED86009D8DFD /* StateTableViewCell */,
			);
			path = View;
			sourceTree = "<group>";
		};
		59D6B88824B8ED86009D8DFD /* StateTableViewCell */ = {
			isa = PBXGroup;
			children = (
				59D6B89024B8F734009D8DFD /* StateTableViewCell.swift */,
				59D6B89124B8F734009D8DFD /* StateTableViewCell.xib */,
			);
			path = StateTableViewCell;
			sourceTree = "<group>";
		};
		59D6B88924B8ED93009D8DFD /* NearByTableViewCell */ = {
			isa = PBXGroup;
			children = (
				59D6B88A24B8EDB5009D8DFD /* NearByTableViewCell.swift */,
				59D6B88B24B8EDB5009D8DFD /* NearByTableViewCell.xib */,
			);
			path = NearByTableViewCell;
			sourceTree = "<group>";
		};
		59FE4CDF24B53B78000ECDFF = {
			isa = PBXGroup;
			children = (
				59FE4CEA24B53B78000ECDFF /* NearBy App */,
				59FE4D0124B53B7A000ECDFF /* NearBy AppTests */,
				59FE4CE924B53B78000ECDFF /* Products */,
				5DBBEA642C1AA5E96E90D33E /* Pods */,
				38B95595A4EBFB0D6C00D4C2 /* Frameworks */,
			);
			sourceTree = "<group>";
		};
		59FE4CE924B53B78000ECDFF /* Products */ = {
			isa = PBXGroup;
			children = (
				59FE4CE824B53B78000ECDFF /* NearBy App.app */,
				59FE4CFE24B53B7A000ECDFF /* NearBy AppTests.xctest */,
			);
			name = Products;
			sourceTree = "<group>";
		};
		59FE4CEA24B53B78000ECDFF /* NearBy App */ = {
			isa = PBXGroup;
			children = (
				59D6B88124B8B665009D8DFD /* View */,
				593B822D24B8A4CA004BF71C /* Helpers */,
				59FE4D1624B63096000ECDFF /* Model */,
				59FE4D1124B60B27000ECDFF /* Networking */,
				598185AD24B897D500AEF183 /* ViewModel */,
				59FE4CEB24B53B78000ECDFF /* AppDelegate.swift */,
				59FE4CEF24B53B78000ECDFF /* ViewController.swift */,
				59FE4CF124B53B78000ECDFF /* Main.storyboard */,
				59FE4CF424B53B7A000ECDFF /* Assets.xcassets */,
				59FE4CF624B53B7A000ECDFF /* LaunchScreen.storyboard */,
				59FE4CF924B53B7A000ECDFF /* Info.plist */,
			);
			path = "NearBy App";
			sourceTree = "<group>";
		};
		59FE4D0124B53B7A000ECDFF /* NearBy AppTests */ = {
			isa = PBXGroup;
			children = (
				59FE4D0224B53B7A000ECDFF /* NearBy_AppTests.swift */,
				59FE4D0424B53B7A000ECDFF /* Info.plist */,
			);
			path = "NearBy AppTests";
			sourceTree = "<group>";
		};
		59FE4D1124B60B27000ECDFF /* Networking */ = {
			isa = PBXGroup;
			children = (
				59FE4D0D24B6005E000ECDFF /* Network.swift */,
				59FE4D2124B74AC0000ECDFF /* APIManager.swift */,
			);
			path = Networking;
			sourceTree = "<group>";
		};
		59FE4D1624B63096000ECDFF /* Model */ = {
			isa = PBXGroup;
			children = (
				59D6B88E24B8F1E9009D8DFD /* NearByModel.swift */,
			);
			path = Model;
			sourceTree = "<group>";
		};
		5DBBEA642C1AA5E96E90D33E /* Pods */ = {
			isa = PBXGroup;
			children = (
				D6B7FC6D80C848E34F74530E /* Pods-NearBy App.debug.xcconfig */,
				6FB47CD6B9F82FB769EB5C27 /* Pods-NearBy App.release.xcconfig */,
				622C85C2405076A3224CC749 /* Pods-NearBy AppTests.debug.xcconfig */,
				C3199736263311D9CFDB3AAC /* Pods-NearBy AppTests.release.xcconfig */,
			);
			path = Pods;
			sourceTree = "<group>";
		};
/* End PBXGroup section */

/* Begin PBXNativeTarget section */
		59FE4CE724B53B78000ECDFF /* NearBy App */ = {
			isa = PBXNativeTarget;
			buildConfigurationList = 59FE4D0724B53B7A000ECDFF /* Build configuration list for PBXNativeTarget "NearBy App" */;
			buildPhases = (
				8B925A0171DF95BF0071C0AB /* [CP] Check Pods Manifest.lock */,
				59FE4CE424B53B78000ECDFF /* Sources */,
				59FE4CE524B53B78000ECDFF /* Frameworks */,
				59FE4CE624B53B78000ECDFF /* Resources */,
				7EFB61E3C84623C066F061A8 /* [CP] Embed Pods Frameworks */,
			);
			buildRules = (
			);
			dependencies = (
			);
			name = "NearBy App";
			productName = "NearBy App";
			productReference = 59FE4CE824B53B78000ECDFF /* NearBy App.app */;
			productType = "com.apple.product-type.application";
		};
		59FE4CFD24B53B7A000ECDFF /* NearBy AppTests */ = {
			isa = PBXNativeTarget;
			buildConfigurationList = 59FE4D0A24B53B7A000ECDFF /* Build configuration list for PBXNativeTarget "NearBy AppTests" */;
			buildPhases = (
				E291D29E4B269F50BC421A6D /* [CP] Check Pods Manifest.lock */,
				59FE4CFA24B53B7A000ECDFF /* Sources */,
				59FE4CFB24B53B7A000ECDFF /* Frameworks */,
				59FE4CFC24B53B7A000ECDFF /* Resources */,
			);
			buildRules = (
			);
			dependencies = (
				59FE4D0024B53B7A000ECDFF /* PBXTargetDependency */,
			);
			name = "NearBy AppTests";
			productName = "NearBy AppTests";
			productReference = 59FE4CFE24B53B7A000ECDFF /* NearBy AppTests.xctest */;
			productType = "com.apple.product-type.bundle.unit-test";
		};
/* End PBXNativeTarget section */

/* Begin PBXProject section */
		59FE4CE024B53B78000ECDFF /* Project object */ = {
			isa = PBXProject;
			attributes = {
				LastSwiftUpdateCheck = 1100;
				LastUpgradeCheck = 1100;
				ORGANIZATIONNAME = "mina wefky";
				TargetAttributes = {
					59FE4CE724B53B78000ECDFF = {
						CreatedOnToolsVersion = 11.0;
					};
					59FE4CFD24B53B7A000ECDFF = {
						CreatedOnToolsVersion = 11.0;
						TestTargetID = 59FE4CE724B53B78000ECDFF;
					};
				};
			};
			buildConfigurationList = 59FE4CE324B53B78000ECDFF /* Build configuration list for PBXProject "NearBy App" */;
			compatibilityVersion = "Xcode 9.3";
			developmentRegion = en;
			hasScannedForEncodings = 0;
			knownRegions = (
				en,
				Base,
			);
			mainGroup = 59FE4CDF24B53B78000ECDFF;
			productRefGroup = 59FE4CE924B53B78000ECDFF /* Products */;
			projectDirPath = "";
			projectRoot = "";
			targets = (
				59FE4CE724B53B78000ECDFF /* NearBy App */,
				59FE4CFD24B53B7A000ECDFF /* NearBy AppTests */,
			);
		};
/* End PBXProject section */

/* Begin PBXResourcesBuildPhase section */
		59FE4CE624B53B78000ECDFF /* Resources */ = {
			isa = PBXResourcesBuildPhase;
			buildActionMask = 2147483647;
			files = (
				59D6B89324B8F734009D8DFD /* StateTableViewCell.xib in Resources */,
				59D6B88D24B8EDB5009D8DFD /* NearByTableViewCell.xib in Resources */,
				59FE4CF824B53B7A000ECDFF /* LaunchScreen.storyboard in Resources */,
				59FE4CF524B53B7A000ECDFF /* Assets.xcassets in Resources */,
				59FE4CF324B53B78000ECDFF /* Main.storyboard in Resources */,
			);
			runOnlyForDeploymentPostprocessing = 0;
		};
		59FE4CFC24B53B7A000ECDFF /* Resources */ = {
			isa = PBXResourcesBuildPhase;
			buildActionMask = 2147483647;
			files = (
			);
			runOnlyForDeploymentPostprocessing = 0;
		};
/* End PBXResourcesBuildPhase section */

/* Begin PBXShellScriptBuildPhase section */
		7EFB61E3C84623C066F061A8 /* [CP] Embed Pods Frameworks */ = {
			isa = PBXShellScriptBuildPhase;
			buildActionMask = 2147483647;
			files = (
			);
			inputFileListPaths = (
				"${PODS_ROOT}/Target Support Files/Pods-NearBy App/Pods-NearBy App-frameworks-${CONFIGURATION}-input-files.xcfilelist",
			);
			name = "[CP] Embed Pods Frameworks";
			outputFileListPaths = (
				"${PODS_ROOT}/Target Support Files/Pods-NearBy App/Pods-NearBy App-frameworks-${CONFIGURATION}-output-files.xcfilelist",
			);
			runOnlyForDeploymentPostprocessing = 0;
			shellPath = /bin/sh;
			shellScript = "\"${PODS_ROOT}/Target Support Files/Pods-NearBy App/Pods-NearBy App-frameworks.sh\"\n";
			showEnvVarsInLog = 0;
		};
		8B925A0171DF95BF0071C0AB /* [CP] Check Pods Manifest.lock */ = {
			isa = PBXShellScriptBuildPhase;
			buildActionMask = 2147483647;
			files = (
			);
			inputFileListPaths = (
			);
			inputPaths = (
				"${PODS_PODFILE_DIR_PATH}/Podfile.lock",
				"${PODS_ROOT}/Manifest.lock",
			);
			name = "[CP] Check Pods Manifest.lock";
			outputFileListPaths = (
			);
			outputPaths = (
				"$(DERIVED_FILE_DIR)/Pods-NearBy App-checkManifestLockResult.txt",
			);
			runOnlyForDeploymentPostprocessing = 0;
			shellPath = /bin/sh;
			shellScript = "diff \"${PODS_PODFILE_DIR_PATH}/Podfile.lock\" \"${PODS_ROOT}/Manifest.lock\" > /dev/null\nif [ $? != 0 ] ; then\n    # print error to STDERR\n    echo \"error: The sandbox is not in sync with the Podfile.lock. Run 'pod install' or update your CocoaPods installation.\" >&2\n    exit 1\nfi\n# This output is used by Xcode 'outputs' to avoid re-running this script phase.\necho \"SUCCESS\" > \"${SCRIPT_OUTPUT_FILE_0}\"\n";
			showEnvVarsInLog = 0;
		};
		E291D29E4B269F50BC421A6D /* [CP] Check Pods Manifest.lock */ = {
			isa = PBXShellScriptBuildPhase;
			buildActionMask = 2147483647;
			files = (
			);
			inputFileListPaths = (
			);
			inputPaths = (
				"${PODS_PODFILE_DIR_PATH}/Podfile.lock",
				"${PODS_ROOT}/Manifest.lock",
			);
			name = "[CP] Check Pods Manifest.lock";
			outputFileListPaths = (
			);
			outputPaths = (
				"$(DERIVED_FILE_DIR)/Pods-NearBy AppTests-checkManifestLockResult.txt",
			);
			runOnlyForDeploymentPostprocessing = 0;
			shellPath = /bin/sh;
			shellScript = "diff \"${PODS_PODFILE_DIR_PATH}/Podfile.lock\" \"${PODS_ROOT}/Manifest.lock\" > /dev/null\nif [ $? != 0 ] ; then\n    # print error to STDERR\n    echo \"error: The sandbox is not in sync with the Podfile.lock. Run 'pod install' or update your CocoaPods installation.\" >&2\n    exit 1\nfi\n# This output is used by Xcode 'outputs' to avoid re-running this script phase.\necho \"SUCCESS\" > \"${SCRIPT_OUTPUT_FILE_0}\"\n";
			showEnvVarsInLog = 0;
		};
/* End PBXShellScriptBuildPhase section */

/* Begin PBXSourcesBuildPhase section */
		59FE4CE424B53B78000ECDFF /* Sources */ = {
			isa = PBXSourcesBuildPhase;
			buildActionMask = 2147483647;
			files = (
				593B822F24B8A4E8004BF71C /* Dynamic.swift in Sources */,
				598185AF24B897F200AEF183 /* VenuesViewModel.swift in Sources */,
				59FE4D2224B74AC0000ECDFF /* APIManager.swift in Sources */,
				59FE4D0E24B6005E000ECDFF /* Network.swift in Sources */,
				59D6B89224B8F734009D8DFD /* StateTableViewCell.swift in Sources */,
				59FE4CF024B53B78000ECDFF /* ViewController.swift in Sources */,
				59FE4CEC24B53B78000ECDFF /* AppDelegate.swift in Sources */,
				59D6B88F24B8F1E9009D8DFD /* NearByModel.swift in Sources */,
				59D6B88C24B8EDB5009D8DFD /* NearByTableViewCell.swift in Sources */,
			);
			runOnlyForDeploymentPostprocessing = 0;
		};
		59FE4CFA24B53B7A000ECDFF /* Sources */ = {
			isa = PBXSourcesBuildPhase;
			buildActionMask = 2147483647;
			files = (
				59FE4D0324B53B7A000ECDFF /* NearBy_AppTests.swift in Sources */,
			);
			runOnlyForDeploymentPostprocessing = 0;
		};
/* End PBXSourcesBuildPhase section */

/* Begin PBXTargetDependency section */
		59FE4D0024B53B7A000ECDFF /* PBXTargetDependency */ = {
			isa = PBXTargetDependency;
			target = 59FE4CE724B53B78000ECDFF /* NearBy App */;
			targetProxy = 59FE4CFF24B53B7A000ECDFF /* PBXContainerItemProxy */;
		};
/* End PBXTargetDependency section */

/* Begin PBXVariantGroup section */
		59FE4CF124B53B78000ECDFF /* Main.storyboard */ = {
			isa = PBXVariantGroup;
			children = (
				59FE4CF224B53B78000ECDFF /* Base */,
			);
			name = Main.storyboard;
			sourceTree = "<group>";
		};
		59FE4CF624B53B7A000ECDFF /* LaunchScreen.storyboard */ = {
			isa = PBXVariantGroup;
			children = (
				59FE4CF724B53B7A000ECDFF /* Base */,
			);
			name = LaunchScreen.storyboard;
			sourceTree = "<group>";
		};
/* End PBXVariantGroup section */

/* Begin XCBuildConfiguration section */
		59FE4D0524B53B7A000ECDFF /* Debug */ = {
			isa = XCBuildConfiguration;
			buildSettings = {
				ALWAYS_SEARCH_USER_PATHS = NO;
				CLANG_ANALYZER_NONNULL = YES;
				CLANG_ANALYZER_NUMBER_OBJECT_CONVERSION = YES_AGGRESSIVE;
				CLANG_CXX_LANGUAGE_STANDARD = "gnu++14";
				CLANG_CXX_LIBRARY = "libc++";
				CLANG_ENABLE_MODULES = YES;
				CLANG_ENABLE_OBJC_ARC = YES;
				CLANG_ENABLE_OBJC_WEAK = YES;
				CLANG_WARN_BLOCK_CAPTURE_AUTORELEASING = YES;
				CLANG_WARN_BOOL_CONVERSION = YES;
				CLANG_WARN_COMMA = YES;
				CLANG_WARN_CONSTANT_CONVERSION = YES;
				CLANG_WARN_DEPRECATED_OBJC_IMPLEMENTATIONS = YES;
				CLANG_WARN_DIRECT_OBJC_ISA_USAGE = YES_ERROR;
				CLANG_WARN_DOCUMENTATION_COMMENTS = YES;
				CLANG_WARN_EMPTY_BODY = YES;
				CLANG_WARN_ENUM_CONVERSION = YES;
				CLANG_WARN_INFINITE_RECURSION = YES;
				CLANG_WARN_INT_CONVERSION = YES;
				CLANG_WARN_NON_LITERAL_NULL_CONVERSION = YES;
				CLANG_WARN_OBJC_IMPLICIT_RETAIN_SELF = YES;
				CLANG_WARN_OBJC_LITERAL_CONVERSION = YES;
				CLANG_WARN_OBJC_ROOT_CLASS = YES_ERROR;
				CLANG_WARN_RANGE_LOOP_ANALYSIS = YES;
				CLANG_WARN_STRICT_PROTOTYPES = YES;
				CLANG_WARN_SUSPICIOUS_MOVE = YES;
				CLANG_WARN_UNGUARDED_AVAILABILITY = YES_AGGRESSIVE;
				CLANG_WARN_UNREACHABLE_CODE = YES;
				CLANG_WARN__DUPLICATE_METHOD_MATCH = YES;
				COPY_PHASE_STRIP = NO;
				DEBUG_INFORMATION_FORMAT = dwarf;
				ENABLE_STRICT_OBJC_MSGSEND = YES;
				ENABLE_TESTABILITY = YES;
				GCC_C_LANGUAGE_STANDARD = gnu11;
				GCC_DYNAMIC_NO_PIC = NO;
				GCC_NO_COMMON_BLOCKS = YES;
				GCC_OPTIMIZATION_LEVEL = 0;
				GCC_PREPROCESSOR_DEFINITIONS = (
					"DEBUG=1",
					"$(inherited)",
				);
				GCC_WARN_64_TO_32_BIT_CONVERSION = YES;
				GCC_WARN_ABOUT_RETURN_TYPE = YES_ERROR;
				GCC_WARN_UNDECLARED_SELECTOR = YES;
				GCC_WARN_UNINITIALIZED_AUTOS = YES_AGGRESSIVE;
				GCC_WARN_UNUSED_FUNCTION = YES;
				GCC_WARN_UNUSED_VARIABLE = YES;
				IPHONEOS_DEPLOYMENT_TARGET = 13.0;
				MTL_ENABLE_DEBUG_INFO = INCLUDE_SOURCE;
				MTL_FAST_MATH = YES;
				ONLY_ACTIVE_ARCH = YES;
				SDKROOT = iphoneos;
				SWIFT_ACTIVE_COMPILATION_CONDITIONS = DEBUG;
				SWIFT_OPTIMIZATION_LEVEL = "-Onone";
			};
			name = Debug;
		};
		59FE4D0624B53B7A000ECDFF /* Release */ = {
			isa = XCBuildConfiguration;
			buildSettings = {
				ALWAYS_SEARCH_USER_PATHS = NO;
				CLANG_ANALYZER_NONNULL = YES;
				CLANG_ANALYZER_NUMBER_OBJECT_CONVERSION = YES_AGGRESSIVE;
				CLANG_CXX_LANGUAGE_STANDARD = "gnu++14";
				CLANG_CXX_LIBRARY = "libc++";
				CLANG_ENABLE_MODULES = YES;
				CLANG_ENABLE_OBJC_ARC = YES;
				CLANG_ENABLE_OBJC_WEAK = YES;
				CLANG_WARN_BLOCK_CAPTURE_AUTORELEASING = YES;
				CLANG_WARN_BOOL_CONVERSION = YES;
				CLANG_WARN_COMMA = YES;
				CLANG_WARN_CONSTANT_CONVERSION = YES;
				CLANG_WARN_DEPRECATED_OBJC_IMPLEMENTATIONS = YES;
				CLANG_WARN_DIRECT_OBJC_ISA_USAGE = YES_ERROR;
				CLANG_WARN_DOCUMENTATION_COMMENTS = YES;
				CLANG_WARN_EMPTY_BODY = YES;
				CLANG_WARN_ENUM_CONVERSION = YES;
				CLANG_WARN_INFINITE_RECURSION = YES;
				CLANG_WARN_INT_CONVERSION = YES;
				CLANG_WARN_NON_LITERAL_NULL_CONVERSION = YES;
				CLANG_WARN_OBJC_IMPLICIT_RETAIN_SELF = YES;
				CLANG_WARN_OBJC_LITERAL_CONVERSION = YES;
				CLANG_WARN_OBJC_ROOT_CLASS = YES_ERROR;
				CLANG_WARN_RANGE_LOOP_ANALYSIS = YES;
				CLANG_WARN_STRICT_PROTOTYPES = YES;
				CLANG_WARN_SUSPICIOUS_MOVE = YES;
				CLANG_WARN_UNGUARDED_AVAILABILITY = YES_AGGRESSIVE;
				CLANG_WARN_UNREACHABLE_CODE = YES;
				CLANG_WARN__DUPLICATE_METHOD_MATCH = YES;
				COPY_PHASE_STRIP = NO;
				DEBUG_INFORMATION_FORMAT = "dwarf-with-dsym";
				ENABLE_NS_ASSERTIONS = NO;
				ENABLE_STRICT_OBJC_MSGSEND = YES;
				GCC_C_LANGUAGE_STANDARD = gnu11;
				GCC_NO_COMMON_BLOCKS = YES;
				GCC_WARN_64_TO_32_BIT_CONVERSION = YES;
				GCC_WARN_ABOUT_RETURN_TYPE = YES_ERROR;
				GCC_WARN_UNDECLARED_SELECTOR = YES;
				GCC_WARN_UNINITIALIZED_AUTOS = YES_AGGRESSIVE;
				GCC_WARN_UNUSED_FUNCTION = YES;
				GCC_WARN_UNUSED_VARIABLE = YES;
				IPHONEOS_DEPLOYMENT_TARGET = 13.0;
				MTL_ENABLE_DEBUG_INFO = NO;
				MTL_FAST_MATH = YES;
				SDKROOT = iphoneos;
				SWIFT_COMPILATION_MODE = wholemodule;
				SWIFT_OPTIMIZATION_LEVEL = "-O";
				VALIDATE_PRODUCT = YES;
			};
			name = Release;
		};
		59FE4D0824B53B7A000ECDFF /* Debug */ = {
			isa = XCBuildConfiguration;
			baseConfigurationReference = D6B7FC6D80C848E34F74530E /* Pods-NearBy App.debug.xcconfig */;
			buildSettings = {
				ASSETCATALOG_COMPILER_APPICON_NAME = AppIcon;
				CODE_SIGN_STYLE = Automatic;
				DEVELOPMENT_TEAM = Y8LWPD3RV8;
				INFOPLIST_FILE = "NearBy App/Info.plist";
				LD_RUNPATH_SEARCH_PATHS = (
					"$(inherited)",
					"@executable_path/Frameworks",
				);
				PRODUCT_BUNDLE_IDENTIFIER = "wefky.NearBy-App";
				PRODUCT_NAME = "$(TARGET_NAME)";
				SWIFT_VERSION = 5.0;
				TARGETED_DEVICE_FAMILY = "1,2";
			};
			name = Debug;
		};
		59FE4D0924B53B7A000ECDFF /* Release */ = {
			isa = XCBuildConfiguration;
			baseConfigurationReference = 6FB47CD6B9F82FB769EB5C27 /* Pods-NearBy App.release.xcconfig */;
			buildSettings = {
				ASSETCATALOG_COMPILER_APPICON_NAME = AppIcon;
				CODE_SIGN_STYLE = Automatic;
				DEVELOPMENT_TEAM = Y8LWPD3RV8;
				INFOPLIST_FILE = "NearBy App/Info.plist";
				LD_RUNPATH_SEARCH_PATHS = (
					"$(inherited)",
					"@executable_path/Frameworks",
				);
				PRODUCT_BUNDLE_IDENTIFIER = "wefky.NearBy-App";
				PRODUCT_NAME = "$(TARGET_NAME)";
				SWIFT_VERSION = 5.0;
				TARGETED_DEVICE_FAMILY = "1,2";
			};
			name = Release;
		};
		59FE4D0B24B53B7A000ECDFF /* Debug */ = {
			isa = XCBuildConfiguration;
			baseConfigurationReference = 622C85C2405076A3224CC749 /* Pods-NearBy AppTests.debug.xcconfig */;
			buildSettings = {
				ALWAYS_EMBED_SWIFT_STANDARD_LIBRARIES = YES;
				BUNDLE_LOADER = "$(TEST_HOST)";
				CODE_SIGN_STYLE = Automatic;
				DEVELOPMENT_TEAM = Y8LWPD3RV8;
				INFOPLIST_FILE = "NearBy AppTests/Info.plist";
				IPHONEOS_DEPLOYMENT_TARGET = 13.0;
				LD_RUNPATH_SEARCH_PATHS = (
					"$(inherited)",
					"@executable_path/Frameworks",
					"@loader_path/Frameworks",
				);
				PRODUCT_BUNDLE_IDENTIFIER = "wefky.NearBy-AppTests";
				PRODUCT_NAME = "$(TARGET_NAME)";
				SWIFT_VERSION = 5.0;
				TARGETED_DEVICE_FAMILY = "1,2";
				TEST_HOST = "$(BUILT_PRODUCTS_DIR)/NearBy App.app/NearBy App";
			};
			name = Debug;
		};
		59FE4D0C24B53B7A000ECDFF /* Release */ = {
			isa = XCBuildConfiguration;
			baseConfigurationReference = C3199736263311D9CFDB3AAC /* Pods-NearBy AppTests.release.xcconfig */;
			buildSettings = {
				ALWAYS_EMBED_SWIFT_STANDARD_LIBRARIES = YES;
				BUNDLE_LOADER = "$(TEST_HOST)";
				CODE_SIGN_STYLE = Automatic;
				DEVELOPMENT_TEAM = Y8LWPD3RV8;
				INFOPLIST_FILE = "NearBy AppTests/Info.plist";
				IPHONEOS_DEPLOYMENT_TARGET = 13.0;
				LD_RUNPATH_SEARCH_PATHS = (
					"$(inherited)",
					"@executable_path/Frameworks",
					"@loader_path/Frameworks",
				);
				PRODUCT_BUNDLE_IDENTIFIER = "wefky.NearBy-AppTests";
				PRODUCT_NAME = "$(TARGET_NAME)";
				SWIFT_VERSION = 5.0;
				TARGETED_DEVICE_FAMILY = "1,2";
				TEST_HOST = "$(BUILT_PRODUCTS_DIR)/NearBy App.app/NearBy App";
			};
			name = Release;
		};
/* End XCBuildConfiguration section */

/* Begin XCConfigurationList section */
		59FE4CE324B53B78000ECDFF /* Build configuration list for PBXProject "NearBy App" */ = {
			isa = XCConfigurationList;
			buildConfigurations = (
				59FE4D0524B53B7A000ECDFF /* Debug */,
				59FE4D0624B53B7A000ECDFF /* Release */,
			);
			defaultConfigurationIsVisible = 0;
			defaultConfigurationName = Release;
		};
		59FE4D0724B53B7A000ECDFF /* Build configuration list for PBXNativeTarget "NearBy App" */ = {
			isa = XCConfigurationList;
			buildConfigurations = (
				59FE4D0824B53B7A000ECDFF /* Debug */,
				59FE4D0924B53B7A000ECDFF /* Release */,
			);
			defaultConfigurationIsVisible = 0;
			defaultConfigurationName = Release;
		};
		59FE4D0A24B53B7A000ECDFF /* Build configuration list for PBXNativeTarget "NearBy AppTests" */ = {
			isa = XCConfigurationList;
			buildConfigurations = (
				59FE4D0B24B53B7A000ECDFF /* Debug */,
				59FE4D0C24B53B7A000ECDFF /* Release */,
			);
			defaultConfigurationIsVisible = 0;
			defaultConfigurationName = Release;
		};
/* End XCConfigurationList section */
	};
	rootObject = 59FE4CE024B53B78000ECDFF /* Project object */;
}
